{
  "version": "5",
  "specifiers": {
    "npm:@types/node@*": "24.2.0"
  },
  "npm": {
    "@types/node@24.2.0": {
      "integrity": "sha512-3xyG3pMCq3oYCNg7/ZP+E1ooTaGB4cG8JWRsqqOYQdbWNY4zbaV0Ennrd7stjiJEFZCaybcIgpTjJWHRfBSIDw==",
      "dependencies": [
        "undici-types"
      ]
    },
    "undici-types@7.10.0": {
      "integrity": "sha512-t5Fy/nfn+14LuOc2KNYg75vZqClpAiqscVvMygNnlsHBFpSXdJaYtXMcdNLpl/Qvc3P2cB3s6lOV51nqsFq4ag=="
    }
  },
  "redirects": {
    "https://esm.sh/@supabase/node-fetch@^2.6.14?target=denonext": "https://esm.sh/@supabase/node-fetch@2.6.15?target=denonext",
    "https://esm.sh/@types/ws@~8.18.1/index.d.mts": "https://esm.sh/@types/ws@8.18.1/index.d.mts",
    "https://esm.sh/bufferutil@^4.0.1?target=denonext": "https://esm.sh/bufferutil@4.0.9?target=denonext",
    "https://esm.sh/node-gyp-build@^4.3.0?target=denonext": "https://esm.sh/node-gyp-build@4.8.4?target=denonext",
    "https://esm.sh/tr46@~0.0.3?target=denonext": "https://esm.sh/tr46@0.0.3?target=denonext",
    "https://esm.sh/utf-8-validate@%3E=5.0.2?target=denonext": "https://esm.sh/utf-8-validate@6.0.5?target=denonext",
    "https://esm.sh/webidl-conversions@^3.0.0?target=denonext": "https://esm.sh/webidl-conversions@3.0.1?target=denonext",
    "https://esm.sh/whatwg-url@^5.0.0?target=denonext": "https://esm.sh/whatwg-url@5.0.0?target=denonext",
    "https://esm.sh/ws@^8.14.2?target=denonext": "https://esm.sh/ws@8.18.3?target=denonext"
  },
  "remote": {
    "https://deno.land/std@0.224.0/assert/_constants.ts": "a271e8ef5a573f1df8e822a6eb9d09df064ad66a4390f21b3e31f820a38e0975",
    "https://deno.land/std@0.224.0/assert/assert_equals.ts": "3bbca947d85b9d374a108687b1a8ba3785a7850436b5a8930d81f34a32cb8c74",
    "https://deno.land/std@0.224.0/assert/assertion_error.ts": "ba8752bd27ebc51f723702fac2f54d3e94447598f54264a6653d6413738a8917",
    "https://deno.land/std@0.224.0/assert/equal.ts": "bddf07bb5fc718e10bb72d5dc2c36c1ce5a8bdd3b647069b6319e07af181ac47",
    "https://deno.land/std@0.224.0/fmt/colors.ts": "508563c0659dd7198ba4bbf87e97f654af3c34eb56ba790260f252ad8012e1c5",
    "https://deno.land/std@0.224.0/internal/diff.ts": "6234a4b493ebe65dc67a18a0eb97ef683626a1166a1906232ce186ae9f65f4e6",
    "https://deno.land/std@0.224.0/internal/format.ts": "0a98ee226fd3d43450245b1844b47003419d34d210fa989900861c79820d21c2",
    "https://deno.land/std@0.224.0/internal/mod.ts": "534125398c8e7426183e12dc255bb635d94e06d0f93c60a297723abe69d3b22e",
    "https://deno.land/x/zod@v3.23.8/ZodError.ts": "528da200fbe995157b9ae91498b103c4ef482217a5c086249507ac850bd78f52",
    "https://deno.land/x/zod@v3.23.8/errors.ts": "5285922d2be9700cc0c70c95e4858952b07ae193aa0224be3cbd5cd5567eabef",
    "https://deno.land/x/zod@v3.23.8/external.ts": "a6cfbd61e9e097d5f42f8a7ed6f92f93f51ff927d29c9fbaec04f03cbce130fe",
    "https://deno.land/x/zod@v3.23.8/helpers/enumUtil.ts": "54efc393cc9860e687d8b81ff52e980def00fa67377ad0bf8b3104f8a5bf698c",
    "https://deno.land/x/zod@v3.23.8/helpers/errorUtil.ts": "7a77328240be7b847af6de9189963bd9f79cab32bbc61502a9db4fe6683e2ea7",
    "https://deno.land/x/zod@v3.23.8/helpers/parseUtil.ts": "c14814d167cc286972b6e094df88d7d982572a08424b7cd50f862036b6fcaa77",
    "https://deno.land/x/zod@v3.23.8/helpers/partialUtil.ts": "998c2fe79795257d4d1cf10361e74492f3b7d852f61057c7c08ac0a46488b7e7",
    "https://deno.land/x/zod@v3.23.8/helpers/typeAliases.ts": "0fda31a063c6736fc3cf9090dd94865c811dfff4f3cb8707b932bf937c6f2c3e",
    "https://deno.land/x/zod@v3.23.8/helpers/util.ts": "30c273131661ca5dc973f2cfb196fa23caf3a43e224cdde7a683b72e101a31fc",
    "https://deno.land/x/zod@v3.23.8/index.ts": "d27aabd973613985574bc31f39e45cb5d856aa122ef094a9f38a463b8ef1a268",
    "https://deno.land/x/zod@v3.23.8/locales/en.ts": "a7a25cd23563ccb5e0eed214d9b31846305ddbcdb9c5c8f508b108943366ab4c",
    "https://deno.land/x/zod@v3.23.8/mod.ts": "ec6e2b1255c1a350b80188f97bd0a6bac45801bb46fc48f50b9763aa66046039",
    "https://deno.land/x/zod@v3.23.8/types.ts": "1b172c90782b1eaa837100ebb6abd726d79d6c1ec336350c8e851e0fd706bf5c",
    "https://esm.sh/@supabase/auth-js@2.64.4/denonext/auth-js.mjs": "a72d41796602ae950f8b7b980a629ccb4ac45376f0e510503c7a5e16019f4362",
    "https://esm.sh/@supabase/auth-js@2.65.0/denonext/auth-js.mjs": "b0dae93271b199b26f7990e9091ecd2556125f2bfe1c9a443893bf0519908858",
    "https://esm.sh/@supabase/functions-js@2.4.1/denonext/functions-js.mjs": "0dfa81270bba8ae5af371b273a564203b4625b3a18e70774235b0b46ef40d940",
    "https://esm.sh/@supabase/node-fetch@2.6.15/denonext/node-fetch.mjs": "0bae9052231f4f6dbccc7234d05ea96923dbf967be12f402764580b6bf9f713d",
    "https://esm.sh/@supabase/node-fetch@2.6.15?target=denonext": "4d28c4ad97328403184353f68434f2b6973971507919e9150297413664919cf3",
    "https://esm.sh/@supabase/postgrest-js@1.15.8/denonext/postgrest-js.mjs": "e38ab1fbd1d7ed325e3ddc20c72001d3653151c3d3be3455d682b141321a345d",
    "https://esm.sh/@supabase/postgrest-js@1.16.1/denonext/postgrest-js.mjs": "1c62b0354f3bcf923c92a1bce3fea042ec76abc51d3aac4b53957fcb0854428a",
    "https://esm.sh/@supabase/realtime-js@2.10.2/denonext/realtime-js.mjs": "3a5a350e881736135ec1bd8c4361c96edeb647d3c56be7cf3a68eddfaf3ce242",
    "https://esm.sh/@supabase/storage-js@2.6.0/denonext/storage-js.mjs": "d3f8b6f5f538cd0d8f88ed0248c3b5dc845d9ca41500589e19fbfc734c8952de",
    "https://esm.sh/@supabase/storage-js@2.7.0/denonext/storage-js.mjs": "e831f9ac91b49f5e7026879efa7b61a360bc1c4b9fa2dd9890432c2e877a6611",
    "https://esm.sh/@supabase/supabase-js@2.45.0": "36ae57c3f2dc3f94fd122a846b40a87114d29bb2f47e910cb46bee5575febf2e",
    "https://esm.sh/@supabase/supabase-js@2.45.0/denonext/supabase-js.mjs": "59c4845d0798118ff097b3295b5a6f3ef63d18ff4a31bf8125e91b467e0be7a6",
    "https://esm.sh/@supabase/supabase-js@2.45.4": "1108d69216995335d057dbd15907caaf514a4d1ef082f097050573b9d589a57c",
    "https://esm.sh/@supabase/supabase-js@2.45.4/denonext/supabase-js.mjs": "8d7c017f03473b9c0f9cd1be611dc51d8c4f359183ece1fcffda731ccc55aba3",
    "https://esm.sh/bufferutil@4.0.9/denonext/bufferutil.mjs": "13dca4d5bb2c68cbe119f880fa3bd785b9a81a8e02e0834dae604b4b85295cd8",
    "https://esm.sh/bufferutil@4.0.9?target=denonext": "e32574569ab438facfcc3f412c659b0719bbf05477136ca176938c9a3ac45125",
    "https://esm.sh/libphonenumber-js@1.11.9/denonext/core.mjs": "4b23df1fba5de28d00b3a983cd7ab6c6c8e7aaf3b7846bfd8211c0585e3986a1",
    "https://esm.sh/libphonenumber-js@1.11.9/denonext/es6/AsYouType.mjs": "38481f73404474c949950b903b0fb596f502b118ba8c25f3d8b648703460ff76",
    "https://esm.sh/libphonenumber-js@1.11.9/denonext/es6/AsYouTypeFormatter.mjs": "3914b2da76677b9279ff41e33e65bfef93d449d8b7ceac7891c9e514e51573a0",
    "https://esm.sh/libphonenumber-js@1.11.9/denonext/es6/ParseError.mjs": "80e3df39b507ffdb052062e59da3faa518ab5fe8f81df933076efd3fc8f92405",
    "https://esm.sh/libphonenumber-js@1.11.9/denonext/es6/PhoneNumber.mjs": "6f706d3d1e5fe1eb08ef251c26a781ea43b6e2f4ecd4372029339c443b33d51e",
    "https://esm.sh/libphonenumber-js@1.11.9/denonext/es6/constants.mjs": "135fb85a1ca1c4e3fa9af8d5e7413f62df6480bdc7175fff44ec93c83115c8bc",
    "https://esm.sh/libphonenumber-js@1.11.9/denonext/es6/findNumbers/isValidCandidate.mjs": "89a348718ab732ebf59796f94a86fc2895f0537feb0a3c82a22ed326f377ddd4",
    "https://esm.sh/libphonenumber-js@1.11.9/denonext/es6/findNumbers/isValidPreCandidate.mjs": "16107bd258a5a18d9c7d53a27e18860531b4b85c85b3fb82a21ddd9096090239",
    "https://esm.sh/libphonenumber-js@1.11.9/denonext/es6/findNumbers/parsePreCandidate.mjs": "3438b7d5d869b7bd61b6087f40b472384dd2dc46f135596476240dafcb93d4ec",
    "https://esm.sh/libphonenumber-js@1.11.9/denonext/es6/findNumbers/utf-8.mjs": "7dc03ccc2e25b476438de71d0ed07814f8a1acf618f50e9338a9954393d2a6ee",
    "https://esm.sh/libphonenumber-js@1.11.9/denonext/es6/findNumbers/util.mjs": "2060cdaa004ff9cac3c61553dcc50cc1ec74730eddc60ad91dffe3fdd1720ddb",
    "https://esm.sh/libphonenumber-js@1.11.9/denonext/es6/format.mjs": "5e96259bf923e671be6ca3306ccd38b2a2429fa961831b723cbbbe0a2f637962",
    "https://esm.sh/libphonenumber-js@1.11.9/denonext/es6/getCountryCallingCode.mjs": "3d827460b9fa447f6e6ab3e40ef467a403baec0de60d9387fce8c67ce28f98aa",
    "https://esm.sh/libphonenumber-js@1.11.9/denonext/es6/helpers/RFC3966.mjs": "bccb0b5e44cab37c6f51bb2c512655b6ca24b9b5b7b913c48d53fc54f003ec15",
    "https://esm.sh/libphonenumber-js@1.11.9/denonext/es6/helpers/applyInternationalSeparatorStyle.mjs": "90a483b27e8e776543f77e4a3586672f2a1679244998e74c9558abcc732185ab",
    "https://esm.sh/libphonenumber-js@1.11.9/denonext/es6/helpers/checkNumberLength.mjs": "b0452d253461fd350177beb10ead9310791fc407c0546f2bd43f67c2556d01a4",
    "https://esm.sh/libphonenumber-js@1.11.9/denonext/es6/helpers/extension/createExtensionPattern.mjs": "5cc3c3a1dac93586a39945ae391e6be71d46e23f774f8a5d41e701bfa76388e5",
    "https://esm.sh/libphonenumber-js@1.11.9/denonext/es6/helpers/extractCountryCallingCode.mjs": "2713a61b7408a924a0b7839485a5a49e964f6e330c297d242b8b1c726b966bea",
    "https://esm.sh/libphonenumber-js@1.11.9/denonext/es6/helpers/extractCountryCallingCodeFromInternationalNumberWithoutPlusSign.mjs": "f0699a1942799b0af917127cf840088c280bbe3bdbfefa90ceec3b4fb01492a6",
    "https://esm.sh/libphonenumber-js@1.11.9/denonext/es6/helpers/extractNationalNumber.mjs": "3e276ec86100cbaa18cd0d25d97081c0ba09168e7cbc358769a82bc1cf0e1052",
    "https://esm.sh/libphonenumber-js@1.11.9/denonext/es6/helpers/extractNationalNumberFromPossiblyIncompleteNumber.mjs": "b56a3672bb40ae425252fe9543a4bb394c5af0c264dc1a239938dbbc34f161de",
    "https://esm.sh/libphonenumber-js@1.11.9/denonext/es6/helpers/formatNationalNumberUsingFormat.mjs": "3db37f4c93353c5797f7ed299a6b389e1c98b82d6a32c11d834a907c7eeac0bd",
    "https://esm.sh/libphonenumber-js@1.11.9/denonext/es6/helpers/getCountryByCallingCode.mjs": "10dfc7d16acfa14b477a00487c38de663975b50f737f3d39d20b5a15d8355653",
    "https://esm.sh/libphonenumber-js@1.11.9/denonext/es6/helpers/getCountryByNationalNumber.mjs": "3dfa105c689874e45d8b9a503f9f7f7488c97b6a303a8029db6876af94b6bb8b",
    "https://esm.sh/libphonenumber-js@1.11.9/denonext/es6/helpers/getNumberType.mjs": "07bf2397405a7996de6e61132b8b65535967ac0fb9a307d46724e7a2b9ea0e34",
    "https://esm.sh/libphonenumber-js@1.11.9/denonext/es6/helpers/isObject.mjs": "50c9408d22c657b6b130d4987778384e3d388ceff66c30fe7570fb1df503ba96",
    "https://esm.sh/libphonenumber-js@1.11.9/denonext/es6/helpers/isViablePhoneNumber.mjs": "11215ffc4deb965996cdd508ee79e92653298154e1a9c2602541aba2fd6b6cfc",
    "https://esm.sh/libphonenumber-js@1.11.9/denonext/es6/helpers/matchesEntirely.mjs": "06dcea8d4b79fdfc66351850b5bf4d8f3c750e316ebfe2f31131431fe4a1ddb3",
    "https://esm.sh/libphonenumber-js@1.11.9/denonext/es6/helpers/parseDigits.mjs": "ba342f8404003743582c4f89e638691fbb474259f3482079ba6de9e70288bcab",
    "https://esm.sh/libphonenumber-js@1.11.9/denonext/es6/helpers/stripIddPrefix.mjs": "d783711722b7538d08d6d3bc178e4d3f4146194414514e715b77a3a7b567963c",
    "https://esm.sh/libphonenumber-js@1.11.9/denonext/es6/isPossible.mjs": "f54098b1ba6fe8162e26371dfd4c361f68d29e6671af008561f1e292ea01758b",
    "https://esm.sh/libphonenumber-js@1.11.9/denonext/es6/isValid.mjs": "f9d7898fe76b005d785373d841123e19b0d4f09dcba9eb9acbfdbdd3b08cd603",
    "https://esm.sh/libphonenumber-js@1.11.9/denonext/es6/metadata.mjs": "78a4898531ce5584a7164bb1c34ac72eecc42c5a52c558425e802f8d4ec34ad7",
    "https://esm.sh/libphonenumber-js@1.11.9/denonext/es6/normalizeArguments.mjs": "2217eb6f7e8fc4911bc6cb5bcd973445be66416f7a6c0d63974fb4da836d5f98",
    "https://esm.sh/libphonenumber-js@1.11.9/denonext/es6/parse.mjs": "6e397bc772e2dd65b5f565e73f5e568c15d9288191c9e7872afa3f361033690d",
    "https://esm.sh/libphonenumber-js@1.11.9/denonext/es6/parseIncompletePhoneNumber.mjs": "0887632672f526ec6e835eed8155f3d51e56da20e90b7acfa1fdc6a2f305aee1",
    "https://esm.sh/libphonenumber-js@1.11.9/denonext/libphonenumber-js.mjs": "698d69e964d642a44e42642c4e9c779f08acbfe51f0d8aec73a591c9953bc36d",
    "https://esm.sh/libphonenumber-js@1.11.9/denonext/min/exports/AsYouType.mjs": "eaa8e6bcf829da4a726306af1da885bcea6bc2e5e2d447f93c575c47cf835c44",
    "https://esm.sh/libphonenumber-js@1.11.9/denonext/min/exports/Metadata.mjs": "357e83402613a1019580a34c81c3dab220dc5c2521f776e43bb74dfb730b7cd1",
    "https://esm.sh/libphonenumber-js@1.11.9/denonext/min/exports/PhoneNumberMatcher.mjs": "795998eb50a2b9008913f5fda57c00d46cdfb4e1f8405c2e75a34bafbb34cf29",
    "https://esm.sh/libphonenumber-js@1.11.9/denonext/min/exports/findNumbers.mjs": "7d1f105805f092f1766f2975d1a98a45a948043becda09e98e72da56171dc1cb",
    "https://esm.sh/libphonenumber-js@1.11.9/denonext/min/exports/findPhoneNumbersInText.mjs": "cbb9e2bcf61bdc7f11a611acf7f30edbe044614bf2fc8826bc887e1d68cc6a7b",
    "https://esm.sh/libphonenumber-js@1.11.9/denonext/min/exports/formatIncompletePhoneNumber.mjs": "32cbf1ef9e8320f761c60fac3cda478b515dd80b5daef25a4543d2bedf19ac8c",
    "https://esm.sh/libphonenumber-js@1.11.9/denonext/min/exports/getCountries.mjs": "02c8831ec120a75a719b1526f091383b1311699cf9b629115c42ba9f8df67842",
    "https://esm.sh/libphonenumber-js@1.11.9/denonext/min/exports/getCountryCallingCode.mjs": "945cbd69faba8c5792b5b5a78681138dd2b04af377d72d97074a359d6b8a3440",
    "https://esm.sh/libphonenumber-js@1.11.9/denonext/min/exports/getExampleNumber.mjs": "21833469dbe660b3e7e91fb54039ed46b5468781e471cb1ad57727e99b753cc0",
    "https://esm.sh/libphonenumber-js@1.11.9/denonext/min/exports/getExtPrefix.mjs": "bd17d7a09b8882b697557ea940535146aca78294509a6580a52b70b73c67e8b4",
    "https://esm.sh/libphonenumber-js@1.11.9/denonext/min/exports/isPossiblePhoneNumber.mjs": "c39e9cf3fb8351f9b5682c0fa2f09c68fb82bb0ea099e36064f37f7ce331603a",
    "https://esm.sh/libphonenumber-js@1.11.9/denonext/min/exports/isSupportedCountry.mjs": "f592474c4e73b38d49eaf824e8d9f5009959718e06c2b92553cc21522876784e",
    "https://esm.sh/libphonenumber-js@1.11.9/denonext/min/exports/isValidPhoneNumber.mjs": "5761a7ded241340f37aa76012ce181bea61ec63beb43f8ffd97227b2be42f69e",
    "https://esm.sh/libphonenumber-js@1.11.9/denonext/min/exports/parsePhoneNumber.mjs": "e3f4ba0e78d8fc1fe08540aadafa3ccb2de39a2221e9f70ac4261605fe82c166",
    "https://esm.sh/libphonenumber-js@1.11.9/denonext/min/exports/parsePhoneNumberWithError.mjs": "0f4707ec4fd7df103ca7b618014c60b8f1743d9457571c1ac2d0e9d65304d77f",
    "https://esm.sh/libphonenumber-js@1.11.9/denonext/min/exports/searchNumbers.mjs": "247d79885f5329a1e065ce589b22af564d602bb6f76bd67266f0294bb656e060",
    "https://esm.sh/libphonenumber-js@1.11.9/denonext/min/exports/searchPhoneNumbersInText.mjs": "7d4506117742588f00cad7f5c3e1bbd3874a3ae3ddc8f30e779e9b620b8000db",
    "https://esm.sh/libphonenumber-js@1.11.9/denonext/min/exports/validatePhoneNumberLength.mjs": "b43fe7417f70419d07afae69a1525ecf27ca9896471dfdbc56b3b802384e388d",
    "https://esm.sh/libphonenumber-js@1.11.9/denonext/min/exports/withMetadataArgument.mjs": "260d0c266bbb1ed94e3064226d756026ef6c34f1d66defbc5c72571324b2ae6d",
    "https://esm.sh/libphonenumber-js@1.11.9/denonext/min/metadata.mjs": "6c16baf3603aad0e932f13a9cfe675b6621f9cd42cb4c2abde0ee3cddc4fb72d",
    "https://esm.sh/libphonenumber-js@1.11.9?dts": "63b2634bf1d58ae288d1c6bab8d8625ac21f71ab410efdd79e00ba49e6078631",
    "https://esm.sh/node-gyp-build@4.8.4/denonext/node-gyp-build.mjs": "9a86f2d044fc77bd60aaa3d697c2ba1b818da5fb1b9aaeedec59a40b8e908803",
    "https://esm.sh/node-gyp-build@4.8.4?target=denonext": "261a6cedf1fdbf159798141ba1e2311ac1510682c5c8b55dacc8cf5fdee4aa06",
    "https://esm.sh/tr46@0.0.3/denonext/tr46.mjs": "5753ec0a99414f4055f0c1f97691100f13d88e48a8443b00aebb90a512785fa2",
    "https://esm.sh/tr46@0.0.3?target=denonext": "19cb9be0f0d418a0c3abb81f2df31f080e9540a04e43b0f699bce1149cba0cbb",
    "https://esm.sh/utf-8-validate@6.0.5/denonext/utf-8-validate.mjs": "66b8ea532a0c745068f5b96ddb1bae332c3036703243541d2e89e66331974d98",
    "https://esm.sh/utf-8-validate@6.0.5?target=denonext": "071bc33ba1a58297e23a34d69dd589fd06df04b0f373b382ff5da544a623f271",
    "https://esm.sh/webidl-conversions@3.0.1/denonext/webidl-conversions.mjs": "54b5c2d50a294853c4ccebf9d5ed8988c94f4e24e463d84ec859a866ea5fafec",
    "https://esm.sh/webidl-conversions@3.0.1?target=denonext": "4e20318d50528084616c79d7b3f6e7f0fe7b6d09013bd01b3974d7448d767e29",
    "https://esm.sh/whatwg-url@5.0.0/denonext/whatwg-url.mjs": "29b16d74ee72624c915745bbd25b617cfd2248c6af0f5120d131e232a9a9af79",
    "https://esm.sh/whatwg-url@5.0.0?target=denonext": "f001a2cadf81312d214ca330033f474e74d81a003e21e8c5d70a1f46dc97b02d",
    "https://esm.sh/ws@8.18.3/denonext/ws.mjs": "063ab2c92e0908d060e4de414b74e941fbd1b3ccedfce35cc965703a8a3f86c1",
    "https://esm.sh/ws@8.18.3?target=denonext": "a5ca9d7990fc419fd8b8d06d0855bb64688769e6bb887ba07d36c13172f882b5"
  }
}
